// !$*UTF8*$!
{
	archiveVersion = 1;
	classes = {
	};
	objectVersion = 46;
	objects = {

/* Begin PBXBuildFile section */
		4445F91E1F19D4DA00A2EA46 /* AppDelegate.swift in Sources */ = {isa = PBXBuildFile; fileRef = 4445F91D1F19D4DA00A2EA46 /* AppDelegate.swift */; };
		4445F9201F19D4DA00A2EA46 /* ViewController.swift in Sources */ = {isa = PBXBuildFile; fileRef = 4445F91F1F19D4DA00A2EA46 /* ViewController.swift */; };
		4445F9231F19D4DA00A2EA46 /* Main.storyboard in Resources */ = {isa = PBXBuildFile; fileRef = 4445F9211F19D4DA00A2EA46 /* Main.storyboard */; };
		4445F9251F19D4DA00A2EA46 /* Assets.xcassets in Resources */ = {isa = PBXBuildFile; fileRef = 4445F9241F19D4DA00A2EA46 /* Assets.xcassets */; };
		4445F9281F19D4DA00A2EA46 /* LaunchScreen.storyboard in Resources */ = {isa = PBXBuildFile; fileRef = 4445F9261F19D4DA00A2EA46 /* LaunchScreen.storyboard */; };
		4445F9301F19D51900A2EA46 /* TestView.swift in Sources */ = {isa = PBXBuildFile; fileRef = 4445F92F1F19D51900A2EA46 /* TestView.swift */; };
/* End PBXBuildFile section */

/* Begin PBXFileReference section */
		4445F91A1F19D4DA00A2EA46 /* TestPod.app */ = {isa = PBXFileReference; explicitFileType = wrapper.application; includeInIndex = 0; path = TestPod.app; sourceTree = BUILT_PRODUCTS_DIR; };
		4445F91D1F19D4DA00A2EA46 /* AppDelegate.swift */ = {isa = PBXFileReference; lastKnownFileType = sourcecode.swift; path = AppDelegate.swift; sourceTree = "<group>"; };
		4445F91F1F19D4DA00A2EA46 /* ViewController.swift */ = {isa = PBXFileReference; lastKnownFileType = sourcecode.swift; path = ViewController.swift; sourceTree = "<group>"; };
		4445F9221F19D4DA00A2EA46 /* Base */ = {isa = PBXFileReference; lastKnownFileType = file.storyboard; name = Base; path = Base.lproj/Main.storyboard; sourceTree = "<group>"; };
		4445F9241F19D4DA00A2EA46 /* Assets.xcassets */ = {isa = PBXFileReference; lastKnownFileType = folder.assetcatalog; path = Assets.xcassets; sourceTree = "<group>"; };
		4445F9271F19D4DA00A2EA46 /* Base */ = {isa = PBXFileReference; lastKnownFileType = file.storyboard; name = Base; path = Base.lproj/LaunchScreen.storyboard; sourceTree = "<group>"; };
		4445F9291F19D4DA00A2EA46 /* Info.plist */ = {isa = PBXFileReference; lastKnownFileType = text.plist.xml; path = Info.plist; sourceTree = "<group>"; };
		4445F92F1F19D51900A2EA46 /* TestView.swift */ = {isa = PBXFileReference; fileEncoding = 4; lastKnownFileType = sourcecode.swift; path = TestView.swift; sourceTree = "<group>"; };
/* End PBXFileReference section */

/* Begin PBXFrameworksBuildPhase section */
		4445F9171F19D4DA00A2EA46 /* Frameworks */ = {
			isa = PBXFrameworksBuildPhase;
			buildActionMask = 2147483647;
			files = (
			);
			runOnlyForDeploymentPostprocessing = 0;
		};
/* End PBXFrameworksBuildPhase section */

/* Begin PBXGroup section */
		4445F9111F19D4DA00A2EA46 = {
			isa = PBXGroup;
			children = (
				4445F91C1F19D4DA00A2EA46 /* TestPod */,
				4445F91B1F19D4DA00A2EA46 /* Products */,
			);
			sourceTree = "<group>";
		};
		4445F91B1F19D4DA00A2EA46 /* Products */ = {
			isa = PBXGroup;
			children = (
				4445F91A1F19D4DA00A2EA46 /* TestPod.app */,
			);
			name = Products;
			sourceTree = "<group>";
		};
		4445F91C1F19D4DA00A2EA46 /* TestPod */ = {
			isa = PBXGroup;
			children = (
				4445F91D1F19D4DA00A2EA46 /* AppDelegate.swift */,
				4445F91F1F19D4DA00A2EA46 /* ViewController.swift */,
				4445F92F1F19D51900A2EA46 /* TestView.swift */,
				4445F9211F19D4DA00A2EA46 /* Main.storyboard */,
				4445F9241F19D4DA00A2EA46 /* Assets.xcassets */,
				4445F9261F19D4DA00A2EA46 /* LaunchScreen.storyboard */,
				4445F9291F19D4DA00A2EA46 /* Info.plist */,
			);
			path = TestPod;
			sourceTree = "<group>";
		};
/* End PBXGroup section */

/* Begin PBXNativeTarget section */
		4445F9191F19D4DA00A2EA46 /* TestPod */ = {
			isa = PBXNativeTarget;
			buildConfigurationList = 4445F92C1F19D4DA00A2EA46 /* Build configuration list for PBXNativeTarget "TestPod" */;
			buildPhases = (
				4445F9161F19D4DA00A2EA46 /* Sources */,
				4445F9171F19D4DA00A2EA46 /* Frameworks */,
				4445F9181F19D4DA00A2EA46 /* Resources */,
			);
			buildRules = (
			);
			dependencies = (
			);
			name = TestPod;
			productName = TestPod;
			productReference = 4445F91A1F19D4DA00A2EA46 /* TestPod.app */;
			productType = "com.apple.product-type.application";
		};
/* End PBXNativeTarget section */

/* Begin PBXProject section */
		4445F9121F19D4DA00A2EA46 /* Project object */ = {
			isa = PBXProject;
			attributes = {
				LastSwiftUpdateCheck = 0830;
				LastUpgradeCheck = 0830;
				ORGANIZATIONNAME = Jayesh;
				TargetAttributes = {
					4445F9191F19D4DA00A2EA46 = {
						CreatedOnToolsVersion = 8.3.1;
						DevelopmentTeam = GNGQYNCT7A;
						ProvisioningStyle = Manual;
					};
				};
			};
			buildConfigurationList = 4445F9151F19D4DA00A2EA46 /* Build configuration list for PBXProject "TestPod" */;
			compatibilityVersion = "Xcode 3.2";
			developmentRegion = English;
			hasScannedForEncodings = 0;
			knownRegions = (
				en,
				Base,
			);
			mainGroup = 4445F9111F19D4DA00A2EA46;
			productRefGroup = 4445F91B1F19D4DA00A2EA46 /* Products */;
			projectDirPath = "";
			projectRoot = "";
			targets = (
				4445F9191F19D4DA00A2EA46 /* TestPod */,
			);
		};
/* End PBXProject section */

/* Begin PBXResourcesBuildPhase section */
		4445F9181F19D4DA00A2EA46 /* Resources */ = {
			isa = PBXResourcesBuildPhase;
			buildActionMask = 2147483647;
			files = (
				4445F9281F19D4DA00A2EA46 /* LaunchScreen.storyboard in Resources */,
				4445F9251F19D4DA00A2EA46 /* Assets.xcassets in Resources */,
				4445F9231F19D4DA00A2EA46 /* Main.storyboard in Resources */,
			);
			runOnlyForDeploymentPostprocessing = 0;
		};
/* End PBXResourcesBuildPhase section */

/* Begin PBXSourcesBuildPhase section */
		4445F9161F19D4DA00A2EA46 /* Sources */ = {
			isa = PBXSourcesBuildPhase;
			buildActionMask = 2147483647;
			files = (
				4445F9301F19D51900A2EA46 /* TestView.swift in Sources */,
				4445F9201F19D4DA00A2EA46 /* ViewController.swift in Sources */,
				4445F91E1F19D4DA00A2EA46 /* AppDelegate.swift in Sources */,
			);
			runOnlyForDeploymentPostprocessing = 0;
		};
/* End PBXSourcesBuildPhase section */

/* Begin PBXVariantGroup section */
		4445F9211F19D4DA00A2EA46 /* Main.storyboard */ = {
			isa = PBXVariantGroup;
			children = (
				4445F9221F19D4DA00A2EA46 /* Base */,
			);
			name = Main.storyboard;
			sourceTree = "<group>";
		};
		4445F9261F19D4DA00A2EA46 /* LaunchScreen.storyboard */ = {
			isa = PBXVariantGroup;
			children = (
				4445F9271F19D4DA00A2EA46 /* Base */,
			);
			name = LaunchScreen.storyboard;
			sourceTree = "<group>";
		};
/* End PBXVariantGroup section */

/* Begin XCBuildConfiguration section */
		4445F92A1F19D4DA00A2EA46 /* Debug */ = {
			isa = XCBuildConfiguration;
			buildSettings = {
				ALWAYS_SEARCH_USER_PATHS = NO;
				CLANG_ANALYZER_NONNULL = YES;
				CLANG_ANALYZER_NUMBER_OBJECT_CONVERSION = YES_AGGRESSIVE;
				CLANG_CXX_LANGUAGE_STANDARD = "gnu++0x";
				CLANG_CXX_LIBRARY = "libc++";
				CLANG_ENABLE_MODULES = YES;
				CLANG_ENABLE_OBJC_ARC = YES;
				CLANG_WARN_BOOL_CONVERSION = YES;
				CLANG_WARN_CONSTANT_CONVERSION = YES;
				CLANG_WARN_DIRECT_OBJC_ISA_USAGE = YES_ERROR;
				CLANG_WARN_DOCUMENTATION_COMMENTS = YES;
				CLANG_WARN_EMPTY_BODY = YES;
				CLANG_WARN_ENUM_CONVERSION = YES;
				CLANG_WARN_INFINITE_RECURSION = YES;
				CLANG_WARN_INT_CONVERSION = YES;
				CLANG_WARN_OBJC_ROOT_CLASS = YES_ERROR;
				CLANG_WARN_SUSPICIOUS_MOVE = YES;
				CLANG_WARN_UNREACHABLE_CODE = YES;
				CLANG_WARN__DUPLICATE_METHOD_MATCH = YES;
				"CODE_SIGN_IDENTITY[sdk=iphoneos*]" = "iPhone Developer";
				COPY_PHASE_STRIP = NO;
				DEBUG_INFORMATION_FORMAT = dwarf;
				ENABLE_STRICT_OBJC_MSGSEND = YES;
				ENABLE_TESTABILITY = YES;
				GCC_C_LANGUAGE_STANDARD = gnu99;
				GCC_DYNAMIC_NO_PIC = NO;
				GCC_NO_COMMON_BLOCKS = YES;
				GCC_OPTIMIZATION_LEVEL = 0;
				GCC_PREPROCESSOR_DEFINITIONS = (
					"DEBUG=1",
					"$(inherited)",
				);
				GCC_WARN_64_TO_32_BIT_CONVERSION = YES;
				GCC_WARN_ABOUT_RETURN_TYPE = YES_ERROR;
				GCC_WARN_UNDECLARED_SELECTOR = YES;
				GCC_WARN_UNINITIALIZED_AUTOS = YES_AGGRESSIVE;
				GCC_WARN_UNUSED_FUNCTION = YES;
				GCC_WARN_UNUSED_VARIABLE = YES;
				IPHONEOS_DEPLOYMENT_TARGET = 10.3;
				MTL_ENABLE_DEBUG_INFO = YES;
				ONLY_ACTIVE_ARCH = YES;
				SDKROOT = iphoneos;
				SWIFT_ACTIVE_COMPILATION_CONDITIONS = DEBUG;
				SWIFT_OPTIMIZATION_LEVEL = "-Onone";
				TARGETED_DEVICE_FAMILY = "1,2";
			};
			name = Debug;
		};
		4445F92B1F19D4DA00A2EA46 /* Release */ = {
			isa = XCBuildConfiguration;
			buildSettings = {
				ALWAYS_SEARCH_USER_PATHS = NO;
				CLANG_ANALYZER_NONNULL = YES;
				CLANG_ANALYZER_NUMBER_OBJECT_CONVERSION = YES_AGGRESSIVE;
				CLANG_CXX_LANGUAGE_STANDARD = "gnu++0x";
				CLANG_CXX_LIBRARY = "libc++";
				CLANG_ENABLE_MODULES = YES;
				CLANG_ENABLE_OBJC_ARC = YES;
				CLANG_WARN_BOOL_CONVERSION = YES;
				CLANG_WARN_CONSTANT_CONVERSION = YES;
				CLANG_WARN_DIRECT_OBJC_ISA_USAGE = YES_ERROR;
				CLANG_WARN_DOCUMENTATION_COMMENTS = YES;
				CLANG_WARN_EMPTY_BODY = YES;
				CLANG_WARN_ENUM_CONVERSION = YES;
				CLANG_WARN_INFINITE_RECURSION = YES;
				CLANG_WARN_INT_CONVERSION = YES;
				CLANG_WARN_OBJC_ROOT_CLASS = YES_ERROR;
				CLANG_WARN_SUSPICIOUS_MOVE = YES;
				CLANG_WARN_UNREACHABLE_CODE = YES;
				CLANG_WARN__DUPLICATE_METHOD_MATCH = YES;
				"CODE_SIGN_IDENTITY[sdk=iphoneos*]" = "iPhone Developer";
				COPY_PHASE_STRIP = NO;
				DEBUG_INFORMATION_FORMAT = "dwarf-with-dsym";
				ENABLE_NS_ASSERTIONS = NO;
				ENABLE_STRICT_OBJC_MSGSEND = YES;
				GCC_C_LANGUAGE_STANDARD = gnu99;
				GCC_NO_COMMON_BLOCKS = YES;
				GCC_WARN_64_TO_32_BIT_CONVERSION = YES;
				GCC_WARN_ABOUT_RETURN_TYPE = YES_ERROR;
				GCC_WARN_UNDECLARED_SELECTOR = YES;
				GCC_WARN_UNINITIALIZED_AUTOS = YES_AGGRESSIVE;
				GCC_WARN_UNUSED_FUNCTION = YES;
				GCC_WARN_UNUSED_VARIABLE = YES;
				IPHONEOS_DEPLOYMENT_TARGET = 10.3;
				MTL_ENABLE_DEBUG_INFO = NO;
				SDKROOT = iphoneos;
				SWIFT_OPTIMIZATION_LEVEL = "-Owholemodule";
				TARGETED_DEVICE_FAMILY = "1,2";
				VALIDATE_PRODUCT = YES;
			};
			name = Release;
		};
		4445F92D1F19D4DA00A2EA46 /* Debug */ = {
			isa = XCBuildConfiguration;
			buildSettings = {
				ASSETCATALOG_COMPILER_APPICON_NAME = AppIcon;
				DEVELOPMENT_TEAM = GNGQYNCT7A;
				INFOPLIST_FILE = TestPod/Info.plist;
				LD_RUNPATH_SEARCH_PATHS = "$(inherited) @executable_path/Frameworks";
				PRODUCT_BUNDLE_IDENTIFIER = com.grantsource.TestPod;
				PRODUCT_NAME = "$(TARGET_NAME)";
				PROVISIONING_PROFILE = "fb73d8cb-3f79-436b-b2b5-4bae26cf8377";
				PROVISIONING_PROFILE_SPECIFIER = GrantSource_WildCard;
				SWIFT_VERSION = 3.0;
			};
			name = Debug;
		};
		4445F92E1F19D4DA00A2EA46 /* Release */ = {
			isa = XCBuildConfiguration;
			buildSettings = {
				ASSETCATALOG_COMPILER_APPICON_NAME = AppIcon;
				DEVELOPMENT_TEAM = GNGQYNCT7A;
				INFOPLIST_FILE = TestPod/Info.plist;
				LD_RUNPATH_SEARCH_PATHS = "$(inherited) @executable_path/Frameworks";
				PRODUCT_BUNDLE_IDENTIFIER = com.grantsource.TestPod;
				PRODUCT_NAME = "$(TARGET_NAME)";
				PROVISIONING_PROFILE = "fb73d8cb-3f79-436b-b2b5-4bae26cf8377";
				PROVISIONING_PROFILE_SPECIFIER = GrantSource_WildCard;
				SWIFT_VERSION = 3.0;
			};
			name = Release;
		};
/* End XCBuildConfiguration section */

/* Begin XCConfigurationList section */
		4445F9151F19D4DA00A2EA46 /* Build configuration list for PBXProject "TestPod" */ = {
			isa = XCConfigurationList;
			buildConfigurations = (
				4445F92A1F19D4DA00A2EA46 /* Debug */,
				4445F92B1F19D4DA00A2EA46 /* Release */,
			);
			defaultConfigurationIsVisible = 0;
			defaultConfigurationName = Release;
		};
		4445F92C1F19D4DA00A2EA46 /* Build configuration list for PBXNativeTarget "TestPod" */ = {
			isa = XCConfigurationList;
			buildConfigurations = (
				4445F92D1F19D4DA00A2EA46 /* Debug */,
				4445F92E1F19D4DA00A2EA46 /* Release */,
			);
			defaultConfigurationIsVisible = 0;
		};
/* End XCConfigurationList section */
	};
	rootObject = 4445F9121F19D4DA00A2EA46 /* Project object */;
}
